// !$*UTF8*$!
{
	archiveVersion = 1;
	classes = {
	};
	objectVersion = 50;
	objects = {

/* Begin PBXBuildFile section */
		041DB501262B128800ABE12C /* AppDelegate.swift in Sources */ = {isa = PBXBuildFile; fileRef = 041DB500262B128800ABE12C /* AppDelegate.swift */; };
		041DB503262B128800ABE12C /* SceneDelegate.swift in Sources */ = {isa = PBXBuildFile; fileRef = 041DB502262B128800ABE12C /* SceneDelegate.swift */; };
		041DB505262B128800ABE12C /* LayoutIBViewController.swift in Sources */ = {isa = PBXBuildFile; fileRef = 041DB504262B128800ABE12C /* LayoutIBViewController.swift */; };
		041DB508262B128800ABE12C /* Main.storyboard in Resources */ = {isa = PBXBuildFile; fileRef = 041DB506262B128800ABE12C /* Main.storyboard */; };
		041DB50A262B128C00ABE12C /* Assets.xcassets in Resources */ = {isa = PBXBuildFile; fileRef = 041DB509262B128C00ABE12C /* Assets.xcassets */; };
		041DB50D262B128C00ABE12C /* LaunchScreen.storyboard in Resources */ = {isa = PBXBuildFile; fileRef = 041DB50B262B128C00ABE12C /* LaunchScreen.storyboard */; };
		04660E6F262DB811002461D0 /* ConstreitViewController.swift in Sources */ = {isa = PBXBuildFile; fileRef = 04660E6E262DB811002461D0 /* ConstreitViewController.swift */; };
		04660E72262DB875002461D0 /* Constreit.storyboard in Resources */ = {isa = PBXBuildFile; fileRef = 04660E71262DB875002461D0 /* Constreit.storyboard */; };
/* End PBXBuildFile section */

/* Begin PBXFileReference section */
		041DB4FD262B128800ABE12C /* CalculatorUpDown.app */ = {isa = PBXFileReference; explicitFileType = wrapper.application; includeInIndex = 0; path = CalculatorUpDown.app; sourceTree = BUILT_PRODUCTS_DIR; };
		041DB500262B128800ABE12C /* AppDelegate.swift */ = {isa = PBXFileReference; lastKnownFileType = sourcecode.swift; path = AppDelegate.swift; sourceTree = "<group>"; };
		041DB502262B128800ABE12C /* SceneDelegate.swift */ = {isa = PBXFileReference; lastKnownFileType = sourcecode.swift; path = SceneDelegate.swift; sourceTree = "<group>"; };
		041DB504262B128800ABE12C /* LayoutIBViewController.swift */ = {isa = PBXFileReference; lastKnownFileType = sourcecode.swift; path = LayoutIBViewController.swift; sourceTree = "<group>"; };
		041DB507262B128800ABE12C /* Base */ = {isa = PBXFileReference; lastKnownFileType = file.storyboard; name = Base; path = Base.lproj/Main.storyboard; sourceTree = "<group>"; };
		041DB509262B128C00ABE12C /* Assets.xcassets */ = {isa = PBXFileReference; lastKnownFileType = folder.assetcatalog; path = Assets.xcassets; sourceTree = "<group>"; };
		041DB50C262B128C00ABE12C /* Base */ = {isa = PBXFileReference; lastKnownFileType = file.storyboard; name = Base; path = Base.lproj/LaunchScreen.storyboard; sourceTree = "<group>"; };
		041DB50E262B128C00ABE12C /* Info.plist */ = {isa = PBXFileReference; lastKnownFileType = text.plist.xml; path = Info.plist; sourceTree = "<group>"; };
		04660E6E262DB811002461D0 /* ConstreitViewController.swift */ = {isa = PBXFileReference; lastKnownFileType = sourcecode.swift; path = ConstreitViewController.swift; sourceTree = "<group>"; };
		04660E71262DB875002461D0 /* Constreit.storyboard */ = {isa = PBXFileReference; lastKnownFileType = file.storyboard; path = Constreit.storyboard; sourceTree = "<group>"; };
/* End PBXFileReference section */

/* Begin PBXFrameworksBuildPhase section */
		041DB4FA262B128800ABE12C /* Frameworks */ = {
			isa = PBXFrameworksBuildPhase;
			buildActionMask = 2147483647;
			files = (
			);
			runOnlyForDeploymentPostprocessing = 0;
		};
/* End PBXFrameworksBuildPhase section */

/* Begin PBXGroup section */
		041DB4F4262B128800ABE12C = {
			isa = PBXGroup;
			children = (
				041DB4FF262B128800ABE12C /* CalculatorUpDown */,
				041DB4FE262B128800ABE12C /* Products */,
			);
			sourceTree = "<group>";
		};
		041DB4FE262B128800ABE12C /* Products */ = {
			isa = PBXGroup;
			children = (
				041DB4FD262B128800ABE12C /* CalculatorUpDown.app */,
			);
			name = Products;
			sourceTree = "<group>";
		};
		041DB4FF262B128800ABE12C /* CalculatorUpDown */ = {
			isa = PBXGroup;
			children = (
				041DB522262B177300ABE12C /* Resources */,
				041DB51D262B173000ABE12C /* Sources */,
			);
			path = CalculatorUpDown;
			sourceTree = "<group>";
		};
		041DB51D262B173000ABE12C /* Sources */ = {
			isa = PBXGroup;
			children = (
				041DB51F262B175400ABE12C /* App */,
				041DB51E262B174100ABE12C /* Scenes */,
			);
			path = Sources;
			sourceTree = "<group>";
		};
		041DB51E262B174100ABE12C /* Scenes */ = {
			isa = PBXGroup;
			children = (
				041DB504262B128800ABE12C /* LayoutIBViewController.swift */,
				04660E6E262DB811002461D0 /* ConstreitViewController.swift */,
			);
			path = Scenes;
			sourceTree = "<group>";
		};
		041DB51F262B175400ABE12C /* App */ = {
			isa = PBXGroup;
			children = (
				041DB500262B128800ABE12C /* AppDelegate.swift */,
				041DB502262B128800ABE12C /* SceneDelegate.swift */,
			);
			path = App;
			sourceTree = "<group>";
		};
		041DB522262B177300ABE12C /* Resources */ = {
			isa = PBXGroup;
			children = (
				041DB524262B17B500ABE12C /* Configs */,
				041DB523262B179000ABE12C /* Storyboards */,
				041DB509262B128C00ABE12C /* Assets.xcassets */,
			);
			path = Resources;
			sourceTree = "<group>";
		};
		041DB523262B179000ABE12C /* Storyboards */ = {
			isa = PBXGroup;
			children = (
				041DB506262B128800ABE12C /* Main.storyboard */,
				04660E71262DB875002461D0 /* Constreit.storyboard */,
				041DB50B262B128C00ABE12C /* LaunchScreen.storyboard */,
			);
			path = Storyboards;
			sourceTree = "<group>";
		};
		041DB524262B17B500ABE12C /* Configs */ = {
			isa = PBXGroup;
			children = (
				041DB50E262B128C00ABE12C /* Info.plist */,
			);
			path = Configs;
			sourceTree = "<group>";
		};
/* End PBXGroup section */

/* Begin PBXNativeTarget section */
		041DB4FC262B128800ABE12C /* CalculatorUpDown */ = {
			isa = PBXNativeTarget;
			buildConfigurationList = 041DB511262B128C00ABE12C /* Build configuration list for PBXNativeTarget "CalculatorUpDown" */;
			buildPhases = (
				041DB4F9262B128800ABE12C /* Sources */,
				041DB4FA262B128800ABE12C /* Frameworks */,
				041DB4FB262B128800ABE12C /* Resources */,
			);
			buildRules = (
			);
			dependencies = (
			);
			name = CalculatorUpDown;
			productName = CalculatorUpDown;
			productReference = 041DB4FD262B128800ABE12C /* CalculatorUpDown.app */;
			productType = "com.apple.product-type.application";
		};
/* End PBXNativeTarget section */

/* Begin PBXProject section */
		041DB4F5262B128800ABE12C /* Project object */ = {
			isa = PBXProject;
			attributes = {
				LastSwiftUpdateCheck = 1240;
				LastUpgradeCheck = 1240;
				TargetAttributes = {
					041DB4FC262B128800ABE12C = {
						CreatedOnToolsVersion = 12.4;
					};
				};
			};
			buildConfigurationList = 041DB4F8262B128800ABE12C /* Build configuration list for PBXProject "CalculatorUpDown" */;
			compatibilityVersion = "Xcode 9.3";
			developmentRegion = en;
			hasScannedForEncodings = 0;
			knownRegions = (
				en,
				Base,
			);
			mainGroup = 041DB4F4262B128800ABE12C;
			productRefGroup = 041DB4FE262B128800ABE12C /* Products */;
			projectDirPath = "";
			projectRoot = "";
			targets = (
				041DB4FC262B128800ABE12C /* CalculatorUpDown */,
			);
		};
/* End PBXProject section */

/* Begin PBXResourcesBuildPhase section */
		041DB4FB262B128800ABE12C /* Resources */ = {
			isa = PBXResourcesBuildPhase;
			buildActionMask = 2147483647;
			files = (
				041DB50D262B128C00ABE12C /* LaunchScreen.storyboard in Resources */,
				041DB50A262B128C00ABE12C /* Assets.xcassets in Resources */,
				04660E72262DB875002461D0 /* Constreit.storyboard in Resources */,
				041DB508262B128800ABE12C /* Main.storyboard in Resources */,
			);
			runOnlyForDeploymentPostprocessing = 0;
		};
/* End PBXResourcesBuildPhase section */

/* Begin PBXSourcesBuildPhase section */
		041DB4F9262B128800ABE12C /* Sources */ = {
			isa = PBXSourcesBuildPhase;
			buildActionMask = 2147483647;
			files = (
				041DB505262B128800ABE12C /* LayoutIBViewController.swift in Sources */,
				041DB501262B128800ABE12C /* AppDelegate.swift in Sources */,
				04660E6F262DB811002461D0 /* ConstreitViewController.swift in Sources */,
				041DB503262B128800ABE12C /* SceneDelegate.swift in Sources */,
			);
			runOnlyForDeploymentPostprocessing = 0;
		};
/* End PBXSourcesBuildPhase section */

/* Begin PBXVariantGroup section */
		041DB506262B128800ABE12C /* Main.storyboard */ = {
			isa = PBXVariantGroup;
			children = (
				041DB507262B128800ABE12C /* Base */,
			);
			name = Main.storyboard;
			sourceTree = "<group>";
		};
		041DB50B262B128C00ABE12C /* LaunchScreen.storyboard */ = {
			isa = PBXVariantGroup;
			children = (
				041DB50C262B128C00ABE12C /* Base */,
			);
			name = LaunchScreen.storyboard;
			sourceTree = "<group>";
		};
/* End PBXVariantGroup section */

/* Begin XCBuildConfiguration section */
		041DB50F262B128C00ABE12C /* Debug */ = {
			isa = XCBuildConfiguration;
			buildSettings = {
				ALWAYS_SEARCH_USER_PATHS = NO;
				CLANG_ANALYZER_NONNULL = YES;
				CLANG_ANALYZER_NUMBER_OBJECT_CONVERSION = YES_AGGRESSIVE;
				CLANG_CXX_LANGUAGE_STANDARD = "gnu++14";
				CLANG_CXX_LIBRARY = "libc++";
				CLANG_ENABLE_MODULES = YES;
				CLANG_ENABLE_OBJC_ARC = YES;
				CLANG_ENABLE_OBJC_WEAK = YES;
				CLANG_WARN_BLOCK_CAPTURE_AUTORELEASING = YES;
				CLANG_WARN_BOOL_CONVERSION = YES;
				CLANG_WARN_COMMA = YES;
				CLANG_WARN_CONSTANT_CONVERSION = YES;
				CLANG_WARN_DEPRECATED_OBJC_IMPLEMENTATIONS = YES;
				CLANG_WARN_DIRECT_OBJC_ISA_USAGE = YES_ERROR;
				CLANG_WARN_DOCUMENTATION_COMMENTS = YES;
				CLANG_WARN_EMPTY_BODY = YES;
				CLANG_WARN_ENUM_CONVERSION = YES;
				CLANG_WARN_INFINITE_RECURSION = YES;
				CLANG_WARN_INT_CONVERSION = YES;
				CLANG_WARN_NON_LITERAL_NULL_CONVERSION = YES;
				CLANG_WARN_OBJC_IMPLICIT_RETAIN_SELF = YES;
				CLANG_WARN_OBJC_LITERAL_CONVERSION = YES;
				CLANG_WARN_OBJC_ROOT_CLASS = YES_ERROR;
				CLANG_WARN_QUOTED_INCLUDE_IN_FRAMEWORK_HEADER = YES;
				CLANG_WARN_RANGE_LOOP_ANALYSIS = YES;
				CLANG_WARN_STRICT_PROTOTYPES = YES;
				CLANG_WARN_SUSPICIOUS_MOVE = YES;
				CLANG_WARN_UNGUARDED_AVAILABILITY = YES_AGGRESSIVE;
				CLANG_WARN_UNREACHABLE_CODE = YES;
				CLANG_WARN__DUPLICATE_METHOD_MATCH = YES;
				COPY_PHASE_STRIP = NO;
				DEBUG_INFORMATION_FORMAT = dwarf;
				ENABLE_STRICT_OBJC_MSGSEND = YES;
				ENABLE_TESTABILITY = YES;
				GCC_C_LANGUAGE_STANDARD = gnu11;
				GCC_DYNAMIC_NO_PIC = NO;
				GCC_NO_COMMON_BLOCKS = YES;
				GCC_OPTIMIZATION_LEVEL = 0;
				GCC_PREPROCESSOR_DEFINITIONS = (
					"DEBUG=1",
					"$(inherited)",
				);
				GCC_WARN_64_TO_32_BIT_CONVERSION = YES;
				GCC_WARN_ABOUT_RETURN_TYPE = YES_ERROR;
				GCC_WARN_UNDECLARED_SELECTOR = YES;
				GCC_WARN_UNINITIALIZED_AUTOS = YES_AGGRESSIVE;
				GCC_WARN_UNUSED_FUNCTION = YES;
				GCC_WARN_UNUSED_VARIABLE = YES;
				IPHONEOS_DEPLOYMENT_TARGET = 14.4;
				MTL_ENABLE_DEBUG_INFO = INCLUDE_SOURCE;
				MTL_FAST_MATH = YES;
				ONLY_ACTIVE_ARCH = YES;
				SDKROOT = iphoneos;
				SWIFT_ACTIVE_COMPILATION_CONDITIONS = DEBUG;
				SWIFT_OPTIMIZATION_LEVEL = "-Onone";
			};
			name = Debug;
		};
		041DB510262B128C00ABE12C /* Release */ = {
			isa = XCBuildConfiguration;
			buildSettings = {
				ALWAYS_SEARCH_USER_PATHS = NO;
				CLANG_ANALYZER_NONNULL = YES;
				CLANG_ANALYZER_NUMBER_OBJECT_CONVERSION = YES_AGGRESSIVE;
				CLANG_CXX_LANGUAGE_STANDARD = "gnu++14";
				CLANG_CXX_LIBRARY = "libc++";
				CLANG_ENABLE_MODULES = YES;
				CLANG_ENABLE_OBJC_ARC = YES;
				CLANG_ENABLE_OBJC_WEAK = YES;
				CLANG_WARN_BLOCK_CAPTURE_AUTORELEASING = YES;
				CLANG_WARN_BOOL_CONVERSION = YES;
				CLANG_WARN_COMMA = YES;
				CLANG_WARN_CONSTANT_CONVERSION = YES;
				CLANG_WARN_DEPRECATED_OBJC_IMPLEMENTATIONS = YES;
				CLANG_WARN_DIRECT_OBJC_ISA_USAGE = YES_ERROR;
				CLANG_WARN_DOCUMENTATION_COMMENTS = YES;
				CLANG_WARN_EMPTY_BODY = YES;
				CLANG_WARN_ENUM_CONVERSION = YES;
				CLANG_WARN_INFINITE_RECURSION = YES;
				CLANG_WARN_INT_CONVERSION = YES;
				CLANG_WARN_NON_LITERAL_NULL_CONVERSION = YES;
				CLANG_WARN_OBJC_IMPLICIT_RETAIN_SELF = YES;
				CLANG_WARN_OBJC_LITERAL_CONVERSION = YES;
				CLANG_WARN_OBJC_ROOT_CLASS = YES_ERROR;
				CLANG_WARN_QUOTED_INCLUDE_IN_FRAMEWORK_HEADER = YES;
				CLANG_WARN_RANGE_LOOP_ANALYSIS = YES;
				CLANG_WARN_STRICT_PROTOTYPES = YES;
				CLANG_WARN_SUSPICIOUS_MOVE = YES;
				CLANG_WARN_UNGUARDED_AVAILABILITY = YES_AGGRESSIVE;
				CLANG_WARN_UNREACHABLE_CODE = YES;
				CLANG_WARN__DUPLICATE_METHOD_MATCH = YES;
				COPY_PHASE_STRIP = NO;
				DEBUG_INFORMATION_FORMAT = "dwarf-with-dsym";
				ENABLE_NS_ASSERTIONS = NO;
				ENABLE_STRICT_OBJC_MSGSEND = YES;
				GCC_C_LANGUAGE_STANDARD = gnu11;
				GCC_NO_COMMON_BLOCKS = YES;
				GCC_WARN_64_TO_32_BIT_CONVERSION = YES;
				GCC_WARN_ABOUT_RETURN_TYPE = YES_ERROR;
				GCC_WARN_UNDECLARED_SELECTOR = YES;
				GCC_WARN_UNINITIALIZED_AUTOS = YES_AGGRESSIVE;
				GCC_WARN_UNUSED_FUNCTION = YES;
				GCC_WARN_UNUSED_VARIABLE = YES;
				IPHONEOS_DEPLOYMENT_TARGET = 14.4;
				MTL_ENABLE_DEBUG_INFO = NO;
				MTL_FAST_MATH = YES;
				SDKROOT = iphoneos;
				SWIFT_COMPILATION_MODE = wholemodule;
				SWIFT_OPTIMIZATION_LEVEL = "-O";
				VALIDATE_PRODUCT = YES;
			};
			name = Release;
		};
		041DB512262B128C00ABE12C /* Debug */ = {
			isa = XCBuildConfiguration;
			buildSettings = {
				ASSETCATALOG_COMPILER_APPICON_NAME = AppIcon;
				ASSETCATALOG_COMPILER_GLOBAL_ACCENT_COLOR_NAME = AccentColor;
				CODE_SIGN_STYLE = Automatic;
				DEVELOPMENT_TEAM = G32U4R37V2;
				INFOPLIST_FILE = CalculatorUpDown/Resources/Configs/Info.plist;
				IPHONEOS_DEPLOYMENT_TARGET = 13.0;
				LD_RUNPATH_SEARCH_PATHS = (
					"$(inherited)",
					"@executable_path/Frameworks",
				);
				PRODUCT_BUNDLE_IDENTIFIER = MikhailPushkarev.CalculatorUpDown;
				PRODUCT_NAME = "$(TARGET_NAME)";
				SWIFT_VERSION = 5.0;
				TARGETED_DEVICE_FAMILY = 1;
			};
			name = Debug;
		};
		041DB513262B128C00ABE12C /* Release */ = {
			isa = XCBuildConfiguration;
			buildSettings = {
				ASSETCATALOG_COMPILER_APPICON_NAME = AppIcon;
				ASSETCATALOG_COMPILER_GLOBAL_ACCENT_COLOR_NAME = AccentColor;
				CODE_SIGN_STYLE = Automatic;
				DEVELOPMENT_TEAM = G32U4R37V2;
				INFOPLIST_FILE = CalculatorUpDown/Resources/Configs/Info.plist;
				IPHONEOS_DEPLOYMENT_TARGET = 13.0;
				LD_RUNPATH_SEARCH_PATHS = (
					"$(inherited)",
					"@executable_path/Frameworks",
				);
				PRODUCT_BUNDLE_IDENTIFIER = MikhailPushkarev.CalculatorUpDown;
				PRODUCT_NAME = "$(TARGET_NAME)";
				SWIFT_VERSION = 5.0;
				TARGETED_DEVICE_FAMILY = 1;
			};
			name = Release;
		};
/* End XCBuildConfiguration section */

/* Begin XCConfigurationList section */
		041DB4F8262B128800ABE12C /* Build configuration list for PBXProject "CalculatorUpDown" */ = {
			isa = XCConfigurationList;
			buildConfigurations = (
				041DB50F262B128C00ABE12C /* Debug */,
				041DB510262B128C00ABE12C /* Release */,
			);
			defaultConfigurationIsVisible = 0;
			defaultConfigurationName = Release;
		};
		041DB511262B128C00ABE12C /* Build configuration list for PBXNativeTarget "CalculatorUpDown" */ = {
			isa = XCConfigurationList;
			buildConfigurations = (
				041DB512262B128C00ABE12C /* Debug */,
				041DB513262B128C00ABE12C /* Release */,
			);
			defaultConfigurationIsVisible = 0;
			defaultConfigurationName = Release;
		};
/* End XCConfigurationList section */
	};
	rootObject = 041DB4F5262B128800ABE12C /* Project object */;
}
